
Microsoft Visual Studio Solution File, Format Version 12.00
# Visual Studio Version 17
VisualStudioVersion = 17.11.35303.130
MinimumVisualStudioVersion = 10.0.40219.1
Project("{FAE04EC0-301F-11D3-BF4B-00C04F79EFBC}") = "Config Examples", "Config Examples\Config Examples.csproj", "{4C8FB3E0-ED71-4682-B277-B7F869191BF3}"
EndProject
Global
	GlobalSection(SolutionConfigurationPlatforms) = preSolution
		Debug|Any CPU = Debug|Any CPU
		Release|Any CPU = Release|Any CPU
	EndGlobalSection
	GlobalSection(ProjectConfigurationPlatforms) = postSolution
		{4C8FB3E0-ED71-4682-B277-B7F869191BF3}.Debug|Any CPU.ActiveCfg = Debug|Any CPU
		{4C8FB3E0-ED71-4682-B277-B7F869191BF3}.Debug|Any CPU.Build.0 = Debug|Any CPU
		{4C8FB3E0-ED71-4682-B277-B7F869191BF3}.Release|Any CPU.ActiveCfg = Release|Any CPU
		{4C8FB3E0-ED71-4682-B277-B7F869191BF3}.Release|Any CPU.Build.0 = Release|Any CPU
	EndGlobalSection
	GlobalSection(SolutionProperties) = preSolution
		HideSolutionNode = FALSE
	EndGlobalSection
	GlobalSection(ExtensibilityGlobals) = postSolution
		SolutionGuid = {952420B6-1113-443F-A2D1-3160F2EA1FD9}
	EndGlobalSection
EndGlobal
